Microsoft Visual Studio Solution File, Format Version 12.00
# Visual Studio Version 17
VisualStudioVersion = 17.5.2.0
MinimumVisualStudioVersion = 10.0.40219.1
Project("{FAE04EC0-301F-11D3-BF4B-00C04F79EFBC}") = "PRACTICO_EXPERIMENTAL_III", "PRACTICO_EXPERIMENTAL_III\PRACTICO_EXPERIMENTAL_III.csproj", "{D5509A49-F784-748B-44D5-D7515F6404BF}"
EndProject
Global
	GlobalSection(SolutionConfigurationPlatforms) = preSolution
		Debug|Any CPU = Debug|Any CPU
		Release|Any CPU = Release|Any CPU
	EndGlobalSection
	GlobalSection(ProjectConfigurationPlatforms) = postSolution
		{D5509A49-F784-748B-44D5-D7515F6404BF}.Debug|Any CPU.ActiveCfg = Debug|Any CPU
		{D5509A49-F784-748B-44D5-D7515F6404BF}.Debug|Any CPU.Build.0 = Debug|Any CPU
		{D5509A49-F784-748B-44D5-D7515F6404BF}.Release|Any CPU.ActiveCfg = Release|Any CPU
		{D5509A49-F784-748B-44D5-D7515F6404BF}.Release|Any CPU.Build.0 = Release|Any CPU
	EndGlobalSection
	GlobalSection(SolutionProperties) = preSolution
		HideSolutionNode = FALSE
	EndGlobalSection
	GlobalSection(ExtensibilityGlobals) = postSolution
		SolutionGuid = {F381BA62-3CC6-49BD-A245-39E9C53B2456}
	EndGlobalSection
EndGlobal
